
Microsoft Visual Studio Solution File, Format Version 12.00
# Visual Studio Version 17
VisualStudioVersion = 17.7.34024.191
MinimumVisualStudioVersion = 10.0.40219.1
Project("{9A19103F-16F7-4668-BE54-9A1E7A4F7556}") = "Calculator", "Calculator\Calculator.csproj", "{219679C6-4302-4080-9BE8-C05D0CEEB931}"
EndProject
Project("{FAE04EC0-301F-11D3-BF4B-00C04F79EFBC}") = "CalculatorTests", "CalculatorTests\CalculatorTests.csproj", "{B5C159DB-B130-49C5-AC39-B01483BE2CAF}"
EndProject
Global
	GlobalSection(SolutionConfigurationPlatforms) = preSolution
		Debug|Any CPU = Debug|Any CPU
		Release|Any CPU = Release|Any CPU
	EndGlobalSection
	GlobalSection(ProjectConfigurationPlatforms) = postSolution
		{219679C6-4302-4080-9BE8-C05D0CEEB931}.Debug|Any CPU.ActiveCfg = Debug|Any CPU
		{219679C6-4302-4080-9BE8-C05D0CEEB931}.Debug|Any CPU.Build.0 = Debug|Any CPU
		{219679C6-4302-4080-9BE8-C05D0CEEB931}.Release|Any CPU.ActiveCfg = Release|Any CPU
		{219679C6-4302-4080-9BE8-C05D0CEEB931}.Release|Any CPU.Build.0 = Release|Any CPU
		{B5C159DB-B130-49C5-AC39-B01483BE2CAF}.Debug|Any CPU.ActiveCfg = Debug|Any CPU
		{B5C159DB-B130-49C5-AC39-B01483BE2CAF}.Debug|Any CPU.Build.0 = Debug|Any CPU
		{B5C159DB-B130-49C5-AC39-B01483BE2CAF}.Release|Any CPU.ActiveCfg = Release|Any CPU
		{B5C159DB-B130-49C5-AC39-B01483BE2CAF}.Release|Any CPU.Build.0 = Release|Any CPU
	EndGlobalSection
	GlobalSection(SolutionProperties) = preSolution
		HideSolutionNode = FALSE
	EndGlobalSection
	GlobalSection(ExtensibilityGlobals) = postSolution
		SolutionGuid = {1B02E953-B16D-4C69-AF4F-D89B30D187AC}
	EndGlobalSection
EndGlobal
